
Microsoft Visual Studio Solution File, Format Version 12.00
# Visual Studio Version 17
VisualStudioVersion = 17.5.33530.505
MinimumVisualStudioVersion = 10.0.40219.1
Project("{FAE04EC0-301F-11D3-BF4B-00C04F79EFBC}") = "FinalProject", "FinalProject.csproj", "{EBBEBF5F-FBA2-4E34-B237-D4440C77DEDA}"
EndProject
Global
	GlobalSection(SolutionConfigurationPlatforms) = preSolution
		Debug|Any CPU = Debug|Any CPU
		Release|Any CPU = Release|Any CPU
	EndGlobalSection
	GlobalSection(ProjectConfigurationPlatforms) = postSolution
		{EBBEBF5F-FBA2-4E34-B237-D4440C77DEDA}.Debug|Any CPU.ActiveCfg = Debug|Any CPU
		{EBBEBF5F-FBA2-4E34-B237-D4440C77DEDA}.Debug|Any CPU.Build.0 = Debug|Any CPU
		{EBBEBF5F-FBA2-4E34-B237-D4440C77DEDA}.Release|Any CPU.ActiveCfg = Release|Any CPU
		{EBBEBF5F-FBA2-4E34-B237-D4440C77DEDA}.Release|Any CPU.Build.0 = Release|Any CPU
	EndGlobalSection
	GlobalSection(SolutionProperties) = preSolution
		HideSolutionNode = FALSE
	EndGlobalSection
	GlobalSection(ExtensibilityGlobals) = postSolution
		SolutionGuid = {E41C2429-3D09-4DA3-9759-B38D9BC97522}
	EndGlobalSection
EndGlobal
